
Microsoft Visual Studio Solution File, Format Version 12.00
# Visual Studio Version 16
VisualStudioVersion = 16.0.29920.165
MinimumVisualStudioVersion = 10.0.40219.1
Project("{E53339B2-1760-4266-BCC7-CA923CBCF16C}") = "docker-compose", "docker-compose.dcproj", "{378F3DCC-2142-4F49-B4B0-D41655EAD978}"
EndProject
Project("{9A19103F-16F7-4668-BE54-9A1E7A4F7556}") = "PipelinesApp.Api", "PipelinesApp.Api\PipelinesApp.Api.csproj", "{D297DD73-5A58-49E9-B278-375F375063AF}"
EndProject
Project("{FAE04EC0-301F-11D3-BF4B-00C04F79EFBC}") = "PipelineApp.TaskExample", "PipelineApp.TaskExample\PipelineApp.TaskExample.csproj", "{012880F4-66D1-416B-87BE-BBF7749B846B}"
EndProject
Global
	GlobalSection(SolutionConfigurationPlatforms) = preSolution
		Debug|Any CPU = Debug|Any CPU
		Release|Any CPU = Release|Any CPU
	EndGlobalSection
	GlobalSection(ProjectConfigurationPlatforms) = postSolution
		{378F3DCC-2142-4F49-B4B0-D41655EAD978}.Debug|Any CPU.ActiveCfg = Debug|Any CPU
		{378F3DCC-2142-4F49-B4B0-D41655EAD978}.Debug|Any CPU.Build.0 = Debug|Any CPU
		{378F3DCC-2142-4F49-B4B0-D41655EAD978}.Release|Any CPU.ActiveCfg = Release|Any CPU
		{378F3DCC-2142-4F49-B4B0-D41655EAD978}.Release|Any CPU.Build.0 = Release|Any CPU
		{D297DD73-5A58-49E9-B278-375F375063AF}.Debug|Any CPU.ActiveCfg = Debug|Any CPU
		{D297DD73-5A58-49E9-B278-375F375063AF}.Debug|Any CPU.Build.0 = Debug|Any CPU
		{D297DD73-5A58-49E9-B278-375F375063AF}.Release|Any CPU.ActiveCfg = Release|Any CPU
		{D297DD73-5A58-49E9-B278-375F375063AF}.Release|Any CPU.Build.0 = Release|Any CPU
		{012880F4-66D1-416B-87BE-BBF7749B846B}.Debug|Any CPU.ActiveCfg = Debug|Any CPU
		{012880F4-66D1-416B-87BE-BBF7749B846B}.Debug|Any CPU.Build.0 = Debug|Any CPU
		{012880F4-66D1-416B-87BE-BBF7749B846B}.Release|Any CPU.ActiveCfg = Release|Any CPU
		{012880F4-66D1-416B-87BE-BBF7749B846B}.Release|Any CPU.Build.0 = Release|Any CPU
	EndGlobalSection
	GlobalSection(SolutionProperties) = preSolution
		HideSolutionNode = FALSE
	EndGlobalSection
	GlobalSection(ExtensibilityGlobals) = postSolution
		SolutionGuid = {EA246729-6C3E-4D86-BC53-040C3AD5E53B}
	EndGlobalSection
EndGlobal
